
Microsoft Visual Studio Solution File, Format Version 12.00
# Visual Studio Version 16
VisualStudioVersion = 16.0.33130.400
MinimumVisualStudioVersion = 10.0.40219.1
Project("{FAE04EC0-301F-11D3-BF4B-00C04F79EFBC}") = "UserRegistrationDotNetCore", "UserRegistrationDotNetCore.csproj", "{23AF327E-E3A4-4D3C-8DCB-FECC80476CD4}"
EndProject
Global
	GlobalSection(SolutionConfigurationPlatforms) = preSolution
		Debug|Any CPU = Debug|Any CPU
		Release|Any CPU = Release|Any CPU
	EndGlobalSection
	GlobalSection(ProjectConfigurationPlatforms) = postSolution
		{23AF327E-E3A4-4D3C-8DCB-FECC80476CD4}.Debug|Any CPU.ActiveCfg = Debug|Any CPU
		{23AF327E-E3A4-4D3C-8DCB-FECC80476CD4}.Debug|Any CPU.Build.0 = Debug|Any CPU
		{23AF327E-E3A4-4D3C-8DCB-FECC80476CD4}.Release|Any CPU.ActiveCfg = Release|Any CPU
		{23AF327E-E3A4-4D3C-8DCB-FECC80476CD4}.Release|Any CPU.Build.0 = Release|Any CPU
	EndGlobalSection
	GlobalSection(SolutionProperties) = preSolution
		HideSolutionNode = FALSE
	EndGlobalSection
	GlobalSection(ExtensibilityGlobals) = postSolution
		SolutionGuid = {DBF707CE-5BBA-4B28-8E61-6723A4C579CB}
	EndGlobalSection
EndGlobal
